
Microsoft Visual Studio Solution File, Format Version 12.00
# Visual Studio Version 17
VisualStudioVersion = 17.14.36203.30
MinimumVisualStudioVersion = 10.0.40219.1
Project("{2150E333-8FDC-42A3-9474-1A3956D46DE8}") = "解决方案项", "解决方案项", "{FCE85972-C601-3E31-0F23-6F886044FA5A}"
	ProjectSection(SolutionItems) = preProject
		.dockerignore = .dockerignore
		.editorconfig = .editorconfig
		.gitattributes = .gitattributes
		.gitignore = .gitignore
		global.json = global.json
		LICENSE = LICENSE
		NuGet.config = NuGet.config
		Readme.MD = Readme.MD
	EndProjectSection
EndProject
Project("{54A90642-561A-4BB1-A94E-469ADEE60C69}") = "pek.vuenetcoret.client", "pek.vuenetcoret.client\pek.vuenetcoret.client.esproj", "{8DB98FA6-C596-50DE-4BF3-AFDA3EE70B87}"
EndProject
Project("{FAE04EC0-301F-11D3-BF4B-00C04F79EFBC}") = "Pek.VueNetCoreT.Server", "Pek.VueNetCoreT.Server\Pek.VueNetCoreT.Server.csproj", "{E7A6A666-0774-4941-B774-EAEAD499209E}"
EndProject
Project("{FAE04EC0-301F-11D3-BF4B-00C04F79EFBC}") = "WebApplication1", "WebApplication1\WebApplication1.csproj", "{CDE22F68-0AF5-4BE7-8059-6E52E4642D95}"
EndProject
Global
	GlobalSection(SolutionConfigurationPlatforms) = preSolution
		Debug|Any CPU = Debug|Any CPU
		Release|Any CPU = Release|Any CPU
	EndGlobalSection
	GlobalSection(ProjectConfigurationPlatforms) = postSolution
		{8DB98FA6-C596-50DE-4BF3-AFDA3EE70B87}.Debug|Any CPU.ActiveCfg = Debug|Any CPU
		{8DB98FA6-C596-50DE-4BF3-AFDA3EE70B87}.Debug|Any CPU.Build.0 = Debug|Any CPU
		{8DB98FA6-C596-50DE-4BF3-AFDA3EE70B87}.Debug|Any CPU.Deploy.0 = Debug|Any CPU
		{8DB98FA6-C596-50DE-4BF3-AFDA3EE70B87}.Release|Any CPU.ActiveCfg = Release|Any CPU
		{8DB98FA6-C596-50DE-4BF3-AFDA3EE70B87}.Release|Any CPU.Build.0 = Release|Any CPU
		{8DB98FA6-C596-50DE-4BF3-AFDA3EE70B87}.Release|Any CPU.Deploy.0 = Release|Any CPU
		{E7A6A666-0774-4941-B774-EAEAD499209E}.Debug|Any CPU.ActiveCfg = Debug|Any CPU
		{E7A6A666-0774-4941-B774-EAEAD499209E}.Debug|Any CPU.Build.0 = Debug|Any CPU
		{E7A6A666-0774-4941-B774-EAEAD499209E}.Release|Any CPU.ActiveCfg = Release|Any CPU
		{E7A6A666-0774-4941-B774-EAEAD499209E}.Release|Any CPU.Build.0 = Release|Any CPU
		{CDE22F68-0AF5-4BE7-8059-6E52E4642D95}.Debug|Any CPU.ActiveCfg = Debug|Any CPU
		{CDE22F68-0AF5-4BE7-8059-6E52E4642D95}.Debug|Any CPU.Build.0 = Debug|Any CPU
		{CDE22F68-0AF5-4BE7-8059-6E52E4642D95}.Release|Any CPU.ActiveCfg = Release|Any CPU
		{CDE22F68-0AF5-4BE7-8059-6E52E4642D95}.Release|Any CPU.Build.0 = Release|Any CPU
	EndGlobalSection
	GlobalSection(SolutionProperties) = preSolution
		HideSolutionNode = FALSE
	EndGlobalSection
	GlobalSection(ExtensibilityGlobals) = postSolution
		SolutionGuid = {90520E80-AFFA-4890-9074-3099E55128B9}
	EndGlobalSection
EndGlobal
