
Microsoft Visual Studio Solution File, Format Version 12.00
# Visual Studio Version 17
VisualStudioVersion = 17.14.36203.30
MinimumVisualStudioVersion = 10.0.40219.1
Project("{2150E333-8FDC-42A3-9474-1A3956D46DE8}") = "解决方案项", "解决方案项", "{FCE85972-C601-3E31-0F23-6F886044FA5A}"
	ProjectSection(SolutionItems) = preProject
		.dockerignore = .dockerignore
		.editorconfig = .editorconfig
		.gitattributes = .gitattributes
		.gitignore = .gitignore
		global.json = global.json
		LICENSE = LICENSE
		NuGet.config = NuGet.config
		Readme.MD = Readme.MD
	EndProjectSection
EndProject
Project("{54A90642-561A-4BB1-A94E-469ADEE60C69}") = "pek.vuenetcoret.client", "src\pek.vuenetcoret.client\pek.vuenetcoret.client.esproj", "{8DB98FA6-C596-50DE-4BF3-AFDA3EE70B87}"
EndProject
Project("{FAE04EC0-301F-11D3-BF4B-00C04F79EFBC}") = "Pek.VueNetCoreT.Server", "src\Pek.VueNetCoreT.Server\Pek.VueNetCoreT.Server.csproj", "{302FECAC-2226-4E19-A088-DD17BED8233F}"
EndProject
Project("{2150E333-8FDC-42A3-9474-1A3956D46DE8}") = "src", "src", "{827E0CD3-B72D-47B6-A68D-7590B98EB39B}"
EndProject
Global
	GlobalSection(SolutionConfigurationPlatforms) = preSolution
		Debug|Any CPU = Debug|Any CPU
		Release|Any CPU = Release|Any CPU
	EndGlobalSection
	GlobalSection(ProjectConfigurationPlatforms) = postSolution
		{8DB98FA6-C596-50DE-4BF3-AFDA3EE70B87}.Debug|Any CPU.ActiveCfg = Debug|Any CPU
		{8DB98FA6-C596-50DE-4BF3-AFDA3EE70B87}.Debug|Any CPU.Build.0 = Debug|Any CPU
		{8DB98FA6-C596-50DE-4BF3-AFDA3EE70B87}.Debug|Any CPU.Deploy.0 = Debug|Any CPU
		{8DB98FA6-C596-50DE-4BF3-AFDA3EE70B87}.Release|Any CPU.ActiveCfg = Release|Any CPU
		{8DB98FA6-C596-50DE-4BF3-AFDA3EE70B87}.Release|Any CPU.Build.0 = Release|Any CPU
		{8DB98FA6-C596-50DE-4BF3-AFDA3EE70B87}.Release|Any CPU.Deploy.0 = Release|Any CPU
		{302FECAC-2226-4E19-A088-DD17BED8233F}.Debug|Any CPU.ActiveCfg = Debug|Any CPU
		{302FECAC-2226-4E19-A088-DD17BED8233F}.Debug|Any CPU.Build.0 = Debug|Any CPU
		{302FECAC-2226-4E19-A088-DD17BED8233F}.Release|Any CPU.ActiveCfg = Release|Any CPU
		{302FECAC-2226-4E19-A088-DD17BED8233F}.Release|Any CPU.Build.0 = Release|Any CPU
	EndGlobalSection
	GlobalSection(SolutionProperties) = preSolution
		HideSolutionNode = FALSE
	EndGlobalSection
	GlobalSection(NestedProjects) = preSolution
		{8DB98FA6-C596-50DE-4BF3-AFDA3EE70B87} = {827E0CD3-B72D-47B6-A68D-7590B98EB39B}
		{302FECAC-2226-4E19-A088-DD17BED8233F} = {827E0CD3-B72D-47B6-A68D-7590B98EB39B}
	EndGlobalSection
	GlobalSection(ExtensibilityGlobals) = postSolution
		SolutionGuid = {90520E80-AFFA-4890-9074-3099E55128B9}
	EndGlobalSection
EndGlobal
